// !$*UTF8*$!
{
	archiveVersion = 1;
	classes = {
	};
	objectVersion = 52;
	objects = {

/* Begin PBXBuildFile section */
		0527A9CA250D448E007A043A /* AppDelegate.swift in Sources */ = {isa = PBXBuildFile; fileRef = 0527A9C9250D448E007A043A /* AppDelegate.swift */; };
		0527A9CC250D448E007A043A /* SceneDelegate.swift in Sources */ = {isa = PBXBuildFile; fileRef = 0527A9CB250D448E007A043A /* SceneDelegate.swift */; };
		0527A9D6250D4491007A043A /* Assets.xcassets in Resources */ = {isa = PBXBuildFile; fileRef = 0527A9D5250D4491007A043A /* Assets.xcassets */; };
		0527A9D9250D4491007A043A /* LaunchScreen.storyboard in Resources */ = {isa = PBXBuildFile; fileRef = 0527A9D7250D4491007A043A /* LaunchScreen.storyboard */; };
		0527A9F7250F937C007A043A /* IQKeyboardManagerSwift in Frameworks */ = {isa = PBXBuildFile; productRef = 0527A9F6250F937C007A043A /* IQKeyboardManagerSwift */; };
		0527A9FA250F9450007A043A /* Kingfisher in Frameworks */ = {isa = PBXBuildFile; productRef = 0527A9F9250F9450007A043A /* Kingfisher */; };
		0527AA04250FC088007A043A /* AppBaseController.swift in Sources */ = {isa = PBXBuildFile; fileRef = 0527AA02250FC087007A043A /* AppBaseController.swift */; };
		0527AA05250FC088007A043A /* BaseNavigationController.swift in Sources */ = {isa = PBXBuildFile; fileRef = 0527AA03250FC088007A043A /* BaseNavigationController.swift */; };
		0527AA08250FC18C007A043A /* AppLaunchBuilder.swift in Sources */ = {isa = PBXBuildFile; fileRef = 0527AA06250FC18C007A043A /* AppLaunchBuilder.swift */; };
		0527AA09250FC18C007A043A /* AppCoordinator.swift in Sources */ = {isa = PBXBuildFile; fileRef = 0527AA07250FC18C007A043A /* AppCoordinator.swift */; };
		0527AA0C250FC576007A043A /* Framework in Frameworks */ = {isa = PBXBuildFile; productRef = 0527AA0B250FC576007A043A /* Framework */; };
		05B3BBD825110F8300D44A9B /* AppRoute.swift in Sources */ = {isa = PBXBuildFile; fileRef = 05B3BBD725110F8300D44A9B /* AppRoute.swift */; };
		05B3BBDC25110FD800D44A9B /* English.strings in Resources */ = {isa = PBXBuildFile; fileRef = 05B3BBDA25110FD800D44A9B /* English.strings */; };
		05B3BBDD25110FD800D44A9B /* Localization.swift in Sources */ = {isa = PBXBuildFile; fileRef = 05B3BBDB25110FD800D44A9B /* Localization.swift */; };
		05B3BBE22511115C00D44A9B /* Image.swift in Sources */ = {isa = PBXBuildFile; fileRef = 05B3BBE12511115C00D44A9B /* Image.swift */; };
		05B3BBE42511116300D44A9B /* Constant.swift in Sources */ = {isa = PBXBuildFile; fileRef = 05B3BBE32511116300D44A9B /* Constant.swift */; };
		05B3BBE6251112EB00D44A9B /* DashboardView.swift in Sources */ = {isa = PBXBuildFile; fileRef = 05B3BBE5251112EB00D44A9B /* DashboardView.swift */; };
		05B3BBE8251112FB00D44A9B /* DashboardViewModel.swift in Sources */ = {isa = PBXBuildFile; fileRef = 05B3BBE7251112FB00D44A9B /* DashboardViewModel.swift */; };
		05B3BBEA2511130800D44A9B /* DashboardController.swift in Sources */ = {isa = PBXBuildFile; fileRef = 05B3BBE92511130800D44A9B /* DashboardController.swift */; };
		05B3BBED2511426500D44A9B /* CategoryCollectionViewCell.swift in Sources */ = {isa = PBXBuildFile; fileRef = 05B3BBEC2511426500D44A9B /* CategoryCollectionViewCell.swift */; };
		05B3BBF22511430F00D44A9B /* FontAttributesGenerator.swift in Sources */ = {isa = PBXBuildFile; fileRef = 05B3BBF02511430F00D44A9B /* FontAttributesGenerator.swift */; };
		05B3BBF32511430F00D44A9B /* UIFont.swift in Sources */ = {isa = PBXBuildFile; fileRef = 05B3BBF12511430F00D44A9B /* UIFont.swift */; };
		05B3BBF82511431700D44A9B /* Gotham-Light.otf in Resources */ = {isa = PBXBuildFile; fileRef = 05B3BBF42511431600D44A9B /* Gotham-Light.otf */; };
		05B3BBF92511431700D44A9B /* Gotham-Bold.otf in Resources */ = {isa = PBXBuildFile; fileRef = 05B3BBF52511431700D44A9B /* Gotham-Bold.otf */; };
		05B3BBFA2511431700D44A9B /* Gotham-Book.otf in Resources */ = {isa = PBXBuildFile; fileRef = 05B3BBF62511431700D44A9B /* Gotham-Book.otf */; };
		05B3BBFB2511431700D44A9B /* Gotham-Black.otf in Resources */ = {isa = PBXBuildFile; fileRef = 05B3BBF72511431700D44A9B /* Gotham-Black.otf */; };
		05B3BBFD251143B100D44A9B /* BusinessListCell.swift in Sources */ = {isa = PBXBuildFile; fileRef = 05B3BBFC251143B100D44A9B /* BusinessListCell.swift */; };
		05B3BBFF251143F800D44A9B /* UIColor.swift in Sources */ = {isa = PBXBuildFile; fileRef = 05B3BBFE251143F800D44A9B /* UIColor.swift */; };
		05B3BC01251147EC00D44A9B /* AppEnvironment.swift in Sources */ = {isa = PBXBuildFile; fileRef = 05B3BC00251147EC00D44A9B /* AppEnvironment.swift */; };
		05D9B6C5251153860040B019 /* DataModel.swift in Sources */ = {isa = PBXBuildFile; fileRef = 05D9B6C4251153860040B019 /* DataModel.swift */; };
		05D9B6C925115F250040B019 /* MOCK_DATA.json in Resources */ = {isa = PBXBuildFile; fileRef = 05D9B6C825115F250040B019 /* MOCK_DATA.json */; };
		05D9B6CB251162140040B019 /* AccessDB.swift in Sources */ = {isa = PBXBuildFile; fileRef = 05D9B6CA251162140040B019 /* AccessDB.swift */; };
		05D9B6CD251162220040B019 /* CoreDataStack.swift in Sources */ = {isa = PBXBuildFile; fileRef = 05D9B6CC251162220040B019 /* CoreDataStack.swift */; };
		05D9B6D02511626D0040B019 /* WeddingDataModel.xcdatamodeld in Sources */ = {isa = PBXBuildFile; fileRef = 05D9B6CE2511626D0040B019 /* WeddingDataModel.xcdatamodeld */; };
		05D9B6EA251165790040B019 /* String.swift in Sources */ = {isa = PBXBuildFile; fileRef = 05D9B6E9251165790040B019 /* String.swift */; };
		9461259417ED0520E9E43B54 /* Pods_DemoApp.framework in Frameworks */ = {isa = PBXBuildFile; fileRef = 0621CBDA9297D6B8268AD40A /* Pods_DemoApp.framework */; };
/* End PBXBuildFile section */

/* Begin PBXFileReference section */
		0527A9C6250D448E007A043A /* DemoApp.app */ = {isa = PBXFileReference; explicitFileType = wrapper.application; includeInIndex = 0; path = DemoApp.app; sourceTree = BUILT_PRODUCTS_DIR; };
		0527A9C9250D448E007A043A /* AppDelegate.swift */ = {isa = PBXFileReference; lastKnownFileType = sourcecode.swift; path = AppDelegate.swift; sourceTree = "<group>"; };
		0527A9CB250D448E007A043A /* SceneDelegate.swift */ = {isa = PBXFileReference; lastKnownFileType = sourcecode.swift; path = SceneDelegate.swift; sourceTree = "<group>"; };
		0527A9D5250D4491007A043A /* Assets.xcassets */ = {isa = PBXFileReference; lastKnownFileType = folder.assetcatalog; path = Assets.xcassets; sourceTree = "<group>"; };
		0527A9D8250D4491007A043A /* Base */ = {isa = PBXFileReference; lastKnownFileType = file.storyboard; name = Base; path = Base.lproj/LaunchScreen.storyboard; sourceTree = "<group>"; };
		0527A9DA250D4491007A043A /* Info.plist */ = {isa = PBXFileReference; lastKnownFileType = text.plist.xml; path = Info.plist; sourceTree = "<group>"; };
		0527AA02250FC087007A043A /* AppBaseController.swift */ = {isa = PBXFileReference; fileEncoding = 4; lastKnownFileType = sourcecode.swift; path = AppBaseController.swift; sourceTree = "<group>"; };
		0527AA03250FC088007A043A /* BaseNavigationController.swift */ = {isa = PBXFileReference; fileEncoding = 4; lastKnownFileType = sourcecode.swift; path = BaseNavigationController.swift; sourceTree = "<group>"; };
		0527AA06250FC18C007A043A /* AppLaunchBuilder.swift */ = {isa = PBXFileReference; fileEncoding = 4; lastKnownFileType = sourcecode.swift; path = AppLaunchBuilder.swift; sourceTree = "<group>"; };
		0527AA07250FC18C007A043A /* AppCoordinator.swift */ = {isa = PBXFileReference; fileEncoding = 4; lastKnownFileType = sourcecode.swift; path = AppCoordinator.swift; sourceTree = "<group>"; };
		05B3BBD725110F8300D44A9B /* AppRoute.swift */ = {isa = PBXFileReference; fileEncoding = 4; lastKnownFileType = sourcecode.swift; path = AppRoute.swift; sourceTree = "<group>"; };
		05B3BBDA25110FD800D44A9B /* English.strings */ = {isa = PBXFileReference; fileEncoding = 4; lastKnownFileType = text.plist.strings; path = English.strings; sourceTree = "<group>"; };
		05B3BBDB25110FD800D44A9B /* Localization.swift */ = {isa = PBXFileReference; fileEncoding = 4; lastKnownFileType = sourcecode.swift; path = Localization.swift; sourceTree = "<group>"; };
		05B3BBE12511115C00D44A9B /* Image.swift */ = {isa = PBXFileReference; fileEncoding = 4; lastKnownFileType = sourcecode.swift; path = Image.swift; sourceTree = "<group>"; };
		05B3BBE32511116300D44A9B /* Constant.swift */ = {isa = PBXFileReference; fileEncoding = 4; lastKnownFileType = sourcecode.swift; path = Constant.swift; sourceTree = "<group>"; };
		05B3BBE5251112EB00D44A9B /* DashboardView.swift */ = {isa = PBXFileReference; lastKnownFileType = sourcecode.swift; path = DashboardView.swift; sourceTree = "<group>"; };
		05B3BBE7251112FB00D44A9B /* DashboardViewModel.swift */ = {isa = PBXFileReference; lastKnownFileType = sourcecode.swift; path = DashboardViewModel.swift; sourceTree = "<group>"; };
		05B3BBE92511130800D44A9B /* DashboardController.swift */ = {isa = PBXFileReference; lastKnownFileType = sourcecode.swift; path = DashboardController.swift; sourceTree = "<group>"; };
		05B3BBEC2511426500D44A9B /* CategoryCollectionViewCell.swift */ = {isa = PBXFileReference; fileEncoding = 4; lastKnownFileType = sourcecode.swift; path = CategoryCollectionViewCell.swift; sourceTree = "<group>"; };
		05B3BBF02511430F00D44A9B /* FontAttributesGenerator.swift */ = {isa = PBXFileReference; fileEncoding = 4; lastKnownFileType = sourcecode.swift; path = FontAttributesGenerator.swift; sourceTree = "<group>"; };
		05B3BBF12511430F00D44A9B /* UIFont.swift */ = {isa = PBXFileReference; fileEncoding = 4; lastKnownFileType = sourcecode.swift; path = UIFont.swift; sourceTree = "<group>"; };
		05B3BBF42511431600D44A9B /* Gotham-Light.otf */ = {isa = PBXFileReference; lastKnownFileType = file; path = "Gotham-Light.otf"; sourceTree = "<group>"; };
		05B3BBF52511431700D44A9B /* Gotham-Bold.otf */ = {isa = PBXFileReference; lastKnownFileType = file; path = "Gotham-Bold.otf"; sourceTree = "<group>"; };
		05B3BBF62511431700D44A9B /* Gotham-Book.otf */ = {isa = PBXFileReference; lastKnownFileType = file; path = "Gotham-Book.otf"; sourceTree = "<group>"; };
		05B3BBF72511431700D44A9B /* Gotham-Black.otf */ = {isa = PBXFileReference; lastKnownFileType = file; path = "Gotham-Black.otf"; sourceTree = "<group>"; };
		05B3BBFC251143B100D44A9B /* BusinessListCell.swift */ = {isa = PBXFileReference; fileEncoding = 4; lastKnownFileType = sourcecode.swift; path = BusinessListCell.swift; sourceTree = "<group>"; };
		05B3BBFE251143F800D44A9B /* UIColor.swift */ = {isa = PBXFileReference; fileEncoding = 4; lastKnownFileType = sourcecode.swift; path = UIColor.swift; sourceTree = "<group>"; };
		05B3BC00251147EC00D44A9B /* AppEnvironment.swift */ = {isa = PBXFileReference; fileEncoding = 4; lastKnownFileType = sourcecode.swift; path = AppEnvironment.swift; sourceTree = "<group>"; };
		05D9B6C4251153860040B019 /* DataModel.swift */ = {isa = PBXFileReference; lastKnownFileType = sourcecode.swift; path = DataModel.swift; sourceTree = "<group>"; };
		05D9B6C825115F250040B019 /* MOCK_DATA.json */ = {isa = PBXFileReference; fileEncoding = 4; lastKnownFileType = text.json; path = MOCK_DATA.json; sourceTree = "<group>"; };
		05D9B6CA251162140040B019 /* AccessDB.swift */ = {isa = PBXFileReference; fileEncoding = 4; lastKnownFileType = sourcecode.swift; path = AccessDB.swift; sourceTree = "<group>"; };
		05D9B6CC251162220040B019 /* CoreDataStack.swift */ = {isa = PBXFileReference; fileEncoding = 4; lastKnownFileType = sourcecode.swift; path = CoreDataStack.swift; sourceTree = "<group>"; };
		05D9B6CF2511626D0040B019 /* WeddingDataModel.xcdatamodel */ = {isa = PBXFileReference; lastKnownFileType = wrapper.xcdatamodel; path = WeddingDataModel.xcdatamodel; sourceTree = "<group>"; };
		05D9B6E9251165790040B019 /* String.swift */ = {isa = PBXFileReference; fileEncoding = 4; lastKnownFileType = sourcecode.swift; path = String.swift; sourceTree = "<group>"; };
		0621CBDA9297D6B8268AD40A /* Pods_DemoApp.framework */ = {isa = PBXFileReference; explicitFileType = wrapper.framework; includeInIndex = 0; path = Pods_DemoApp.framework; sourceTree = BUILT_PRODUCTS_DIR; };
		1DA0AB78BBB559071F584459 /* Pods-DemoApp.release.xcconfig */ = {isa = PBXFileReference; includeInIndex = 1; lastKnownFileType = text.xcconfig; name = "Pods-DemoApp.release.xcconfig"; path = "Target Support Files/Pods-DemoApp/Pods-DemoApp.release.xcconfig"; sourceTree = "<group>"; };
		B45DFD27478EB35554378557 /* Pods-DemoApp.debug.xcconfig */ = {isa = PBXFileReference; includeInIndex = 1; lastKnownFileType = text.xcconfig; name = "Pods-DemoApp.debug.xcconfig"; path = "Target Support Files/Pods-DemoApp/Pods-DemoApp.debug.xcconfig"; sourceTree = "<group>"; };
/* End PBXFileReference section */

/* Begin PBXFrameworksBuildPhase section */
		0527A9C3250D448E007A043A /* Frameworks */ = {
			isa = PBXFrameworksBuildPhase;
			buildActionMask = 2147483647;
			files = (
				0527A9FA250F9450007A043A /* Kingfisher in Frameworks */,
				9461259417ED0520E9E43B54 /* Pods_DemoApp.framework in Frameworks */,
				0527A9F7250F937C007A043A /* IQKeyboardManagerSwift in Frameworks */,
				0527AA0C250FC576007A043A /* Framework in Frameworks */,
			);
			runOnlyForDeploymentPostprocessing = 0;
		};
/* End PBXFrameworksBuildPhase section */

/* Begin PBXGroup section */
		0527A9BD250D448E007A043A = {
			isa = PBXGroup;
			children = (
				0527A9C8250D448E007A043A /* DemoApp */,
				0527A9C7250D448E007A043A /* Products */,
				514EA0E75BD2A3328931FC62 /* Pods */,
				CD189AA465AC62C61DB856AE /* Frameworks */,
			);
			sourceTree = "<group>";
		};
		0527A9C7250D448E007A043A /* Products */ = {
			isa = PBXGroup;
			children = (
				0527A9C6250D448E007A043A /* DemoApp.app */,
			);
			name = Products;
			sourceTree = "<group>";
		};
		0527A9C8250D448E007A043A /* DemoApp */ = {
			isa = PBXGroup;
			children = (
				05B3BBEF251142AB00D44A9B /* Font */,
				05B3BBEE251142A400D44A9B /* Extensions */,
				05B3BBEB2511424A00D44A9B /* Common */,
				05B3BBE02511112B00D44A9B /* DB */,
				05B3BBDF251110FA00D44A9B /* Assets */,
				05B3BBDE251110E600D44A9B /* Helper */,
				05B3BBD925110FBA00D44A9B /* Localization */,
				05B3BBD625110F6E00D44A9B /* Route */,
				0527A9E4250D44E8007A043A /* Modules */,
				0527A9E3250D44DB007A043A /* Models */,
				0527A9E0250D44A4007A043A /* Supporting */,
			);
			path = DemoApp;
			sourceTree = "<group>";
		};
		0527A9E0250D44A4007A043A /* Supporting */ = {
			isa = PBXGroup;
			children = (
				0527A9C9250D448E007A043A /* AppDelegate.swift */,
				0527A9CB250D448E007A043A /* SceneDelegate.swift */,
				0527A9D7250D4491007A043A /* LaunchScreen.storyboard */,
				0527A9DA250D4491007A043A /* Info.plist */,
			);
			path = Supporting;
			sourceTree = "<group>";
		};
		0527A9E1250D44C1007A043A /* Dashboard */ = {
			isa = PBXGroup;
			children = (
				05B3BBE5251112EB00D44A9B /* DashboardView.swift */,
				05B3BBE7251112FB00D44A9B /* DashboardViewModel.swift */,
				05B3BBE92511130800D44A9B /* DashboardController.swift */,
			);
			path = Dashboard;
			sourceTree = "<group>";
		};
		0527A9E3250D44DB007A043A /* Models */ = {
			isa = PBXGroup;
			children = (
				05D9B6C825115F250040B019 /* MOCK_DATA.json */,
				05D9B6C4251153860040B019 /* DataModel.swift */,
				05D9B6CE2511626D0040B019 /* WeddingDataModel.xcdatamodeld */,
			);
			path = Models;
			sourceTree = "<group>";
		};
		0527A9E4250D44E8007A043A /* Modules */ = {
			isa = PBXGroup;
			children = (
				05D9B6EB25116C940040B019 /* SubCategory */,
				0527A9FB250FBF0A007A043A /* App */,
				0527A9E1250D44C1007A043A /* Dashboard */,
			);
			path = Modules;
			sourceTree = "<group>";
		};
		0527A9FB250FBF0A007A043A /* App */ = {
			isa = PBXGroup;
			children = (
				05B3BC00251147EC00D44A9B /* AppEnvironment.swift */,
				0527AA07250FC18C007A043A /* AppCoordinator.swift */,
				0527AA06250FC18C007A043A /* AppLaunchBuilder.swift */,
				0527AA02250FC087007A043A /* AppBaseController.swift */,
				0527AA03250FC088007A043A /* BaseNavigationController.swift */,
			);
			path = App;
			sourceTree = "<group>";
		};
		05B3BBD625110F6E00D44A9B /* Route */ = {
			isa = PBXGroup;
			children = (
				05B3BBD725110F8300D44A9B /* AppRoute.swift */,
			);
			path = Route;
			sourceTree = "<group>";
		};
		05B3BBD925110FBA00D44A9B /* Localization */ = {
			isa = PBXGroup;
			children = (
				05B3BBDA25110FD800D44A9B /* English.strings */,
				05B3BBDB25110FD800D44A9B /* Localization.swift */,
			);
			path = Localization;
			sourceTree = "<group>";
		};
		05B3BBDE251110E600D44A9B /* Helper */ = {
			isa = PBXGroup;
			children = (
				05B3BBE32511116300D44A9B /* Constant.swift */,
			);
			path = Helper;
			sourceTree = "<group>";
		};
		05B3BBDF251110FA00D44A9B /* Assets */ = {
			isa = PBXGroup;
			children = (
				05B3BBE12511115C00D44A9B /* Image.swift */,
				0527A9D5250D4491007A043A /* Assets.xcassets */,
			);
			path = Assets;
			sourceTree = "<group>";
		};
		05B3BBE02511112B00D44A9B /* DB */ = {
			isa = PBXGroup;
			children = (
				05D9B6CC251162220040B019 /* CoreDataStack.swift */,
				05D9B6CA251162140040B019 /* AccessDB.swift */,
			);
			path = DB;
			sourceTree = "<group>";
		};
		05B3BBEB2511424A00D44A9B /* Common */ = {
			isa = PBXGroup;
			children = (
				05B3BBFC251143B100D44A9B /* BusinessListCell.swift */,
				05B3BBEC2511426500D44A9B /* CategoryCollectionViewCell.swift */,
			);
			path = Common;
			sourceTree = "<group>";
		};
		05B3BBEE251142A400D44A9B /* Extensions */ = {
			isa = PBXGroup;
			children = (
				05D9B6E9251165790040B019 /* String.swift */,
				05B3BBFE251143F800D44A9B /* UIColor.swift */,
				05B3BBF02511430F00D44A9B /* FontAttributesGenerator.swift */,
				05B3BBF12511430F00D44A9B /* UIFont.swift */,
			);
			path = Extensions;
			sourceTree = "<group>";
		};
		05B3BBEF251142AB00D44A9B /* Font */ = {
			isa = PBXGroup;
			children = (
				05B3BBF72511431700D44A9B /* Gotham-Black.otf */,
				05B3BBF52511431700D44A9B /* Gotham-Bold.otf */,
				05B3BBF62511431700D44A9B /* Gotham-Book.otf */,
				05B3BBF42511431600D44A9B /* Gotham-Light.otf */,
			);
			path = Font;
			sourceTree = "<group>";
		};
		05D9B6EB25116C940040B019 /* SubCategory */ = {
			isa = PBXGroup;
			children = (
			);
			path = SubCategory;
			sourceTree = "<group>";
		};
		514EA0E75BD2A3328931FC62 /* Pods */ = {
			isa = PBXGroup;
			children = (
				B45DFD27478EB35554378557 /* Pods-DemoApp.debug.xcconfig */,
				1DA0AB78BBB559071F584459 /* Pods-DemoApp.release.xcconfig */,
			);
			path = Pods;
			sourceTree = "<group>";
		};
		CD189AA465AC62C61DB856AE /* Frameworks */ = {
			isa = PBXGroup;
			children = (
				0621CBDA9297D6B8268AD40A /* Pods_DemoApp.framework */,
			);
			name = Frameworks;
			sourceTree = "<group>";
		};
/* End PBXGroup section */

/* Begin PBXNativeTarget section */
		0527A9C5250D448E007A043A /* DemoApp */ = {
			isa = PBXNativeTarget;
			buildConfigurationList = 0527A9DD250D4491007A043A /* Build configuration list for PBXNativeTarget "DemoApp" */;
			buildPhases = (
				2E0C75269B996A6E38CA784B /* [CP] Check Pods Manifest.lock */,
				0527A9C2250D448E007A043A /* Sources */,
				0527A9C3250D448E007A043A /* Frameworks */,
				0527A9C4250D448E007A043A /* Resources */,
			);
			buildRules = (
			);
			dependencies = (
			);
			name = DemoApp;
			packageProductDependencies = (
				0527A9F6250F937C007A043A /* IQKeyboardManagerSwift */,
				0527A9F9250F9450007A043A /* Kingfisher */,
				0527AA0B250FC576007A043A /* Framework */,
			);
			productName = DemoApp;
			productReference = 0527A9C6250D448E007A043A /* DemoApp.app */;
			productType = "com.apple.product-type.application";
		};
/* End PBXNativeTarget section */

/* Begin PBXProject section */
		0527A9BE250D448E007A043A /* Project object */ = {
			isa = PBXProject;
			attributes = {
				LastSwiftUpdateCheck = 1170;
				LastUpgradeCheck = 1170;
				ORGANIZATIONNAME = "Mahesh Yakami";
				TargetAttributes = {
					0527A9C5250D448E007A043A = {
						CreatedOnToolsVersion = 11.7;
					};
				};
			};
			buildConfigurationList = 0527A9C1250D448E007A043A /* Build configuration list for PBXProject "DemoApp" */;
			compatibilityVersion = "Xcode 9.3";
			developmentRegion = en;
			hasScannedForEncodings = 0;
			knownRegions = (
				en,
				Base,
			);
			mainGroup = 0527A9BD250D448E007A043A;
			packageReferences = (
				0527A9F5250F937C007A043A /* XCRemoteSwiftPackageReference "IQKeyboardManager" */,
				0527A9F8250F9450007A043A /* XCRemoteSwiftPackageReference "Kingfisher" */,
				0527AA0A250FC576007A043A /* XCRemoteSwiftPackageReference "Framework" */,
			);
			productRefGroup = 0527A9C7250D448E007A043A /* Products */;
			projectDirPath = "";
			projectRoot = "";
			targets = (
				0527A9C5250D448E007A043A /* DemoApp */,
			);
		};
/* End PBXProject section */

/* Begin PBXResourcesBuildPhase section */
		0527A9C4250D448E007A043A /* Resources */ = {
			isa = PBXResourcesBuildPhase;
			buildActionMask = 2147483647;
			files = (
				05B3BBFA2511431700D44A9B /* Gotham-Book.otf in Resources */,
				05D9B6C925115F250040B019 /* MOCK_DATA.json in Resources */,
				05B3BBFB2511431700D44A9B /* Gotham-Black.otf in Resources */,
				05B3BBF92511431700D44A9B /* Gotham-Bold.otf in Resources */,
				05B3BBF82511431700D44A9B /* Gotham-Light.otf in Resources */,
				0527A9D9250D4491007A043A /* LaunchScreen.storyboard in Resources */,
				0527A9D6250D4491007A043A /* Assets.xcassets in Resources */,
				05B3BBDC25110FD800D44A9B /* English.strings in Resources */,
			);
			runOnlyForDeploymentPostprocessing = 0;
		};
/* End PBXResourcesBuildPhase section */

/* Begin PBXShellScriptBuildPhase section */
		2E0C75269B996A6E38CA784B /* [CP] Check Pods Manifest.lock */ = {
			isa = PBXShellScriptBuildPhase;
			buildActionMask = 2147483647;
			files = (
			);
			inputFileListPaths = (
			);
			inputPaths = (
				"${PODS_PODFILE_DIR_PATH}/Podfile.lock",
				"${PODS_ROOT}/Manifest.lock",
			);
			name = "[CP] Check Pods Manifest.lock";
			outputFileListPaths = (
			);
			outputPaths = (
				"$(DERIVED_FILE_DIR)/Pods-DemoApp-checkManifestLockResult.txt",
			);
			runOnlyForDeploymentPostprocessing = 0;
			shellPath = /bin/sh;
			shellScript = "diff \"${PODS_PODFILE_DIR_PATH}/Podfile.lock\" \"${PODS_ROOT}/Manifest.lock\" > /dev/null\nif [ $? != 0 ] ; then\n    # print error to STDERR\n    echo \"error: The sandbox is not in sync with the Podfile.lock. Run 'pod install' or update your CocoaPods installation.\" >&2\n    exit 1\nfi\n# This output is used by Xcode 'outputs' to avoid re-running this script phase.\necho \"SUCCESS\" > \"${SCRIPT_OUTPUT_FILE_0}\"\n";
			showEnvVarsInLog = 0;
		};
/* End PBXShellScriptBuildPhase section */

/* Begin PBXSourcesBuildPhase section */
		0527A9C2250D448E007A043A /* Sources */ = {
			isa = PBXSourcesBuildPhase;
			buildActionMask = 2147483647;
			files = (
				0527AA04250FC088007A043A /* AppBaseController.swift in Sources */,
				05B3BBD825110F8300D44A9B /* AppRoute.swift in Sources */,
				0527A9CA250D448E007A043A /* AppDelegate.swift in Sources */,
				05B3BBE8251112FB00D44A9B /* DashboardViewModel.swift in Sources */,
				05B3BBEA2511130800D44A9B /* DashboardController.swift in Sources */,
				05D9B6C5251153860040B019 /* DataModel.swift in Sources */,
				05B3BC01251147EC00D44A9B /* AppEnvironment.swift in Sources */,
				05D9B6CB251162140040B019 /* AccessDB.swift in Sources */,
				05D9B6EA251165790040B019 /* String.swift in Sources */,
				0527AA08250FC18C007A043A /* AppLaunchBuilder.swift in Sources */,
				05B3BBDD25110FD800D44A9B /* Localization.swift in Sources */,
				0527AA05250FC088007A043A /* BaseNavigationController.swift in Sources */,
				05B3BBE6251112EB00D44A9B /* DashboardView.swift in Sources */,
				05D9B6D02511626D0040B019 /* WeddingDataModel.xcdatamodeld in Sources */,
				05B3BBF22511430F00D44A9B /* FontAttributesGenerator.swift in Sources */,
				0527AA09250FC18C007A043A /* AppCoordinator.swift in Sources */,
				05B3BBE42511116300D44A9B /* Constant.swift in Sources */,
				05B3BBF32511430F00D44A9B /* UIFont.swift in Sources */,
				05B3BBFF251143F800D44A9B /* UIColor.swift in Sources */,
				05D9B6CD251162220040B019 /* CoreDataStack.swift in Sources */,
				0527A9CC250D448E007A043A /* SceneDelegate.swift in Sources */,
				05B3BBED2511426500D44A9B /* CategoryCollectionViewCell.swift in Sources */,
				05B3BBFD251143B100D44A9B /* BusinessListCell.swift in Sources */,
				05B3BBE22511115C00D44A9B /* Image.swift in Sources */,
			);
			runOnlyForDeploymentPostprocessing = 0;
		};
/* End PBXSourcesBuildPhase section */

/* Begin PBXVariantGroup section */
		0527A9D7250D4491007A043A /* LaunchScreen.storyboard */ = {
			isa = PBXVariantGroup;
			children = (
				0527A9D8250D4491007A043A /* Base */,
			);
			name = LaunchScreen.storyboard;
			sourceTree = "<group>";
		};
/* End PBXVariantGroup section */

/* Begin XCBuildConfiguration section */
		0527A9DB250D4491007A043A /* Debug */ = {
			isa = XCBuildConfiguration;
			buildSettings = {
				ALWAYS_SEARCH_USER_PATHS = NO;
				CLANG_ANALYZER_NONNULL = YES;
				CLANG_ANALYZER_NUMBER_OBJECT_CONVERSION = YES_AGGRESSIVE;
				CLANG_CXX_LANGUAGE_STANDARD = "gnu++14";
				CLANG_CXX_LIBRARY = "libc++";
				CLANG_ENABLE_MODULES = YES;
				CLANG_ENABLE_OBJC_ARC = YES;
				CLANG_ENABLE_OBJC_WEAK = YES;
				CLANG_WARN_BLOCK_CAPTURE_AUTORELEASING = YES;
				CLANG_WARN_BOOL_CONVERSION = YES;
				CLANG_WARN_COMMA = YES;
				CLANG_WARN_CONSTANT_CONVERSION = YES;
				CLANG_WARN_DEPRECATED_OBJC_IMPLEMENTATIONS = YES;
				CLANG_WARN_DIRECT_OBJC_ISA_USAGE = YES_ERROR;
				CLANG_WARN_DOCUMENTATION_COMMENTS = YES;
				CLANG_WARN_EMPTY_BODY = YES;
				CLANG_WARN_ENUM_CONVERSION = YES;
				CLANG_WARN_INFINITE_RECURSION = YES;
				CLANG_WARN_INT_CONVERSION = YES;
				CLANG_WARN_NON_LITERAL_NULL_CONVERSION = YES;
				CLANG_WARN_OBJC_IMPLICIT_RETAIN_SELF = YES;
				CLANG_WARN_OBJC_LITERAL_CONVERSION = YES;
				CLANG_WARN_OBJC_ROOT_CLASS = YES_ERROR;
				CLANG_WARN_RANGE_LOOP_ANALYSIS = YES;
				CLANG_WARN_STRICT_PROTOTYPES = YES;
				CLANG_WARN_SUSPICIOUS_MOVE = YES;
				CLANG_WARN_UNGUARDED_AVAILABILITY = YES_AGGRESSIVE;
				CLANG_WARN_UNREACHABLE_CODE = YES;
				CLANG_WARN__DUPLICATE_METHOD_MATCH = YES;
				COPY_PHASE_STRIP = NO;
				DEBUG_INFORMATION_FORMAT = dwarf;
				ENABLE_STRICT_OBJC_MSGSEND = YES;
				ENABLE_TESTABILITY = YES;
				GCC_C_LANGUAGE_STANDARD = gnu11;
				GCC_DYNAMIC_NO_PIC = NO;
				GCC_NO_COMMON_BLOCKS = YES;
				GCC_OPTIMIZATION_LEVEL = 0;
				GCC_PREPROCESSOR_DEFINITIONS = (
					"DEBUG=1",
					"$(inherited)",
				);
				GCC_WARN_64_TO_32_BIT_CONVERSION = YES;
				GCC_WARN_ABOUT_RETURN_TYPE = YES_ERROR;
				GCC_WARN_UNDECLARED_SELECTOR = YES;
				GCC_WARN_UNINITIALIZED_AUTOS = YES_AGGRESSIVE;
				GCC_WARN_UNUSED_FUNCTION = YES;
				GCC_WARN_UNUSED_VARIABLE = YES;
				IPHONEOS_DEPLOYMENT_TARGET = 13.7;
				MTL_ENABLE_DEBUG_INFO = INCLUDE_SOURCE;
				MTL_FAST_MATH = YES;
				ONLY_ACTIVE_ARCH = YES;
				SDKROOT = iphoneos;
				SWIFT_ACTIVE_COMPILATION_CONDITIONS = DEBUG;
				SWIFT_OPTIMIZATION_LEVEL = "-Onone";
			};
			name = Debug;
		};
		0527A9DC250D4491007A043A /* Release */ = {
			isa = XCBuildConfiguration;
			buildSettings = {
				ALWAYS_SEARCH_USER_PATHS = NO;
				CLANG_ANALYZER_NONNULL = YES;
				CLANG_ANALYZER_NUMBER_OBJECT_CONVERSION = YES_AGGRESSIVE;
				CLANG_CXX_LANGUAGE_STANDARD = "gnu++14";
				CLANG_CXX_LIBRARY = "libc++";
				CLANG_ENABLE_MODULES = YES;
				CLANG_ENABLE_OBJC_ARC = YES;
				CLANG_ENABLE_OBJC_WEAK = YES;
				CLANG_WARN_BLOCK_CAPTURE_AUTORELEASING = YES;
				CLANG_WARN_BOOL_CONVERSION = YES;
				CLANG_WARN_COMMA = YES;
				CLANG_WARN_CONSTANT_CONVERSION = YES;
				CLANG_WARN_DEPRECATED_OBJC_IMPLEMENTATIONS = YES;
				CLANG_WARN_DIRECT_OBJC_ISA_USAGE = YES_ERROR;
				CLANG_WARN_DOCUMENTATION_COMMENTS = YES;
				CLANG_WARN_EMPTY_BODY = YES;
				CLANG_WARN_ENUM_CONVERSION = YES;
				CLANG_WARN_INFINITE_RECURSION = YES;
				CLANG_WARN_INT_CONVERSION = YES;
				CLANG_WARN_NON_LITERAL_NULL_CONVERSION = YES;
				CLANG_WARN_OBJC_IMPLICIT_RETAIN_SELF = YES;
				CLANG_WARN_OBJC_LITERAL_CONVERSION = YES;
				CLANG_WARN_OBJC_ROOT_CLASS = YES_ERROR;
				CLANG_WARN_RANGE_LOOP_ANALYSIS = YES;
				CLANG_WARN_STRICT_PROTOTYPES = YES;
				CLANG_WARN_SUSPICIOUS_MOVE = YES;
				CLANG_WARN_UNGUARDED_AVAILABILITY = YES_AGGRESSIVE;
				CLANG_WARN_UNREACHABLE_CODE = YES;
				CLANG_WARN__DUPLICATE_METHOD_MATCH = YES;
				COPY_PHASE_STRIP = NO;
				DEBUG_INFORMATION_FORMAT = "dwarf-with-dsym";
				ENABLE_NS_ASSERTIONS = NO;
				ENABLE_STRICT_OBJC_MSGSEND = YES;
				GCC_C_LANGUAGE_STANDARD = gnu11;
				GCC_NO_COMMON_BLOCKS = YES;
				GCC_WARN_64_TO_32_BIT_CONVERSION = YES;
				GCC_WARN_ABOUT_RETURN_TYPE = YES_ERROR;
				GCC_WARN_UNDECLARED_SELECTOR = YES;
				GCC_WARN_UNINITIALIZED_AUTOS = YES_AGGRESSIVE;
				GCC_WARN_UNUSED_FUNCTION = YES;
				GCC_WARN_UNUSED_VARIABLE = YES;
				IPHONEOS_DEPLOYMENT_TARGET = 13.7;
				MTL_ENABLE_DEBUG_INFO = NO;
				MTL_FAST_MATH = YES;
				SDKROOT = iphoneos;
				SWIFT_COMPILATION_MODE = wholemodule;
				SWIFT_OPTIMIZATION_LEVEL = "-O";
				VALIDATE_PRODUCT = YES;
			};
			name = Release;
		};
		0527A9DE250D4491007A043A /* Debug */ = {
			isa = XCBuildConfiguration;
			baseConfigurationReference = B45DFD27478EB35554378557 /* Pods-DemoApp.debug.xcconfig */;
			buildSettings = {
				ASSETCATALOG_COMPILER_APPICON_NAME = AppIcon;
				CODE_SIGN_STYLE = Automatic;
				DEVELOPMENT_TEAM = 62G843433A;
				INFOPLIST_FILE = DemoApp/Supporting/Info.plist;
				IPHONEOS_DEPLOYMENT_TARGET = 13.0;
				LD_RUNPATH_SEARCH_PATHS = (
					"$(inherited)",
					"@executable_path/Frameworks",
				);
				PRODUCT_BUNDLE_IDENTIFIER = com.app.WeddingManagement.DemoApp;
				PRODUCT_NAME = "$(TARGET_NAME)";
				SWIFT_VERSION = 5.0;
				TARGETED_DEVICE_FAMILY = "1,2";
			};
			name = Debug;
		};
		0527A9DF250D4491007A043A /* Release */ = {
			isa = XCBuildConfiguration;
			baseConfigurationReference = 1DA0AB78BBB559071F584459 /* Pods-DemoApp.release.xcconfig */;
			buildSettings = {
				ASSETCATALOG_COMPILER_APPICON_NAME = AppIcon;
				CODE_SIGN_STYLE = Automatic;
				DEVELOPMENT_TEAM = 62G843433A;
				INFOPLIST_FILE = DemoApp/Supporting/Info.plist;
				IPHONEOS_DEPLOYMENT_TARGET = 13.0;
				LD_RUNPATH_SEARCH_PATHS = (
					"$(inherited)",
					"@executable_path/Frameworks",
				);
				PRODUCT_BUNDLE_IDENTIFIER = com.app.WeddingManagement.DemoApp;
				PRODUCT_NAME = "$(TARGET_NAME)";
				SWIFT_VERSION = 5.0;
				TARGETED_DEVICE_FAMILY = "1,2";
			};
			name = Release;
		};
/* End XCBuildConfiguration section */

/* Begin XCConfigurationList section */
		0527A9C1250D448E007A043A /* Build configuration list for PBXProject "DemoApp" */ = {
			isa = XCConfigurationList;
			buildConfigurations = (
				0527A9DB250D4491007A043A /* Debug */,
				0527A9DC250D4491007A043A /* Release */,
			);
			defaultConfigurationIsVisible = 0;
			defaultConfigurationName = Release;
		};
		0527A9DD250D4491007A043A /* Build configuration list for PBXNativeTarget "DemoApp" */ = {
			isa = XCConfigurationList;
			buildConfigurations = (
				0527A9DE250D4491007A043A /* Debug */,
				0527A9DF250D4491007A043A /* Release */,
			);
			defaultConfigurationIsVisible = 0;
			defaultConfigurationName = Release;
		};
/* End XCConfigurationList section */

/* Begin XCRemoteSwiftPackageReference section */
		0527A9F5250F937C007A043A /* XCRemoteSwiftPackageReference "IQKeyboardManager" */ = {
			isa = XCRemoteSwiftPackageReference;
			repositoryURL = "https://github.com/hackiftekhar/IQKeyboardManager.git";
			requirement = {
				kind = upToNextMajorVersion;
				minimumVersion = 6.5.6;
			};
		};
		0527A9F8250F9450007A043A /* XCRemoteSwiftPackageReference "Kingfisher" */ = {
			isa = XCRemoteSwiftPackageReference;
			repositoryURL = "https://github.com/onevcat/Kingfisher.git";
			requirement = {
				kind = upToNextMajorVersion;
				minimumVersion = 5.15.0;
			};
		};
		0527AA0A250FC576007A043A /* XCRemoteSwiftPackageReference "Framework" */ = {
			isa = XCRemoteSwiftPackageReference;
			repositoryURL = "https://github.com/yakami69/Framework.git";
			requirement = {
				branch = master;
				kind = branch;
			};
		};
/* End XCRemoteSwiftPackageReference section */

/* Begin XCSwiftPackageProductDependency section */
		0527A9F6250F937C007A043A /* IQKeyboardManagerSwift */ = {
			isa = XCSwiftPackageProductDependency;
			package = 0527A9F5250F937C007A043A /* XCRemoteSwiftPackageReference "IQKeyboardManager" */;
			productName = IQKeyboardManagerSwift;
		};
		0527A9F9250F9450007A043A /* Kingfisher */ = {
			isa = XCSwiftPackageProductDependency;
			package = 0527A9F8250F9450007A043A /* XCRemoteSwiftPackageReference "Kingfisher" */;
			productName = Kingfisher;
		};
		0527AA0B250FC576007A043A /* Framework */ = {
			isa = XCSwiftPackageProductDependency;
			package = 0527AA0A250FC576007A043A /* XCRemoteSwiftPackageReference "Framework" */;
			productName = Framework;
		};
/* End XCSwiftPackageProductDependency section */

/* Begin XCVersionGroup section */
		05D9B6CE2511626D0040B019 /* WeddingDataModel.xcdatamodeld */ = {
			isa = XCVersionGroup;
			children = (
				05D9B6CF2511626D0040B019 /* WeddingDataModel.xcdatamodel */,
			);
			currentVersion = 05D9B6CF2511626D0040B019 /* WeddingDataModel.xcdatamodel */;
			path = WeddingDataModel.xcdatamodeld;
			sourceTree = "<group>";
			versionGroupType = wrapper.xcdatamodel;
		};
/* End XCVersionGroup section */
	};
	rootObject = 0527A9BE250D448E007A043A /* Project object */;
}
